
Microsoft Visual Studio Solution File, Format Version 12.00
# Visual Studio Version 16
VisualStudioVersion = 16.0.29519.181
MinimumVisualStudioVersion = 10.0.40219.1
Project("{FAE04EC0-301F-11D3-BF4B-00C04F79EFBC}") = "savarankiskas1", "savarankiskas1\savarankiskas1.csproj", "{F78D68AD-FBEF-4919-9C20-9AF854139917}"
EndProject
Global
	GlobalSection(SolutionConfigurationPlatforms) = preSolution
		Debug|Any CPU = Debug|Any CPU
		Release|Any CPU = Release|Any CPU
	EndGlobalSection
	GlobalSection(ProjectConfigurationPlatforms) = postSolution
		{F78D68AD-FBEF-4919-9C20-9AF854139917}.Debug|Any CPU.ActiveCfg = Debug|Any CPU
		{F78D68AD-FBEF-4919-9C20-9AF854139917}.Debug|Any CPU.Build.0 = Debug|Any CPU
		{F78D68AD-FBEF-4919-9C20-9AF854139917}.Release|Any CPU.ActiveCfg = Release|Any CPU
		{F78D68AD-FBEF-4919-9C20-9AF854139917}.Release|Any CPU.Build.0 = Release|Any CPU
	EndGlobalSection
	GlobalSection(SolutionProperties) = preSolution
		HideSolutionNode = FALSE
	EndGlobalSection
	GlobalSection(ExtensibilityGlobals) = postSolution
		SolutionGuid = {A5500A5B-2D4B-4DC7-83E4-C5AFC09475F1}
	EndGlobalSection
EndGlobal
